// !$*UTF8*$!
{
	archiveVersion = 1;
	classes = {
	};
	objectVersion = 50;
	objects = {

/* Begin PBXBuildFile section */
		380F406C2294906400EE0D3B /* AppDelegate.swift in Sources */ = {isa = PBXBuildFile; fileRef = 380F406B2294906400EE0D3B /* AppDelegate.swift */; };
		380F406E2294906400EE0D3B /* AddressListViewController.swift in Sources */ = {isa = PBXBuildFile; fileRef = 380F406D2294906400EE0D3B /* AddressListViewController.swift */; };
		380F40712294906400EE0D3B /* Main.storyboard in Resources */ = {isa = PBXBuildFile; fileRef = 380F406F2294906400EE0D3B /* Main.storyboard */; };
		380F40732294906600EE0D3B /* Assets.xcassets in Resources */ = {isa = PBXBuildFile; fileRef = 380F40722294906600EE0D3B /* Assets.xcassets */; };
		380F40762294906600EE0D3B /* LaunchScreen.storyboard in Resources */ = {isa = PBXBuildFile; fileRef = 380F40742294906600EE0D3B /* LaunchScreen.storyboard */; };
		380F407F229491E200EE0D3B /* AddressListTableViewCell.swift in Sources */ = {isa = PBXBuildFile; fileRef = 380F407D229491E200EE0D3B /* AddressListTableViewCell.swift */; };
		380F4080229491E200EE0D3B /* AddressListTableViewCell.xib in Resources */ = {isa = PBXBuildFile; fileRef = 380F407E229491E200EE0D3B /* AddressListTableViewCell.xib */; };
/* End PBXBuildFile section */

/* Begin PBXFileReference section */
		380F40682294906400EE0D3B /* viper-ios-intro.app */ = {isa = PBXFileReference; explicitFileType = wrapper.application; includeInIndex = 0; path = "viper-ios-intro.app"; sourceTree = BUILT_PRODUCTS_DIR; };
		380F406B2294906400EE0D3B /* AppDelegate.swift */ = {isa = PBXFileReference; lastKnownFileType = sourcecode.swift; path = AppDelegate.swift; sourceTree = "<group>"; };
		380F406D2294906400EE0D3B /* AddressListViewController.swift */ = {isa = PBXFileReference; lastKnownFileType = sourcecode.swift; path = AddressListViewController.swift; sourceTree = "<group>"; };
		380F40702294906400EE0D3B /* Base */ = {isa = PBXFileReference; lastKnownFileType = file.storyboard; name = Base; path = Base.lproj/Main.storyboard; sourceTree = "<group>"; };
		380F40722294906600EE0D3B /* Assets.xcassets */ = {isa = PBXFileReference; lastKnownFileType = folder.assetcatalog; path = Assets.xcassets; sourceTree = "<group>"; };
		380F40752294906600EE0D3B /* Base */ = {isa = PBXFileReference; lastKnownFileType = file.storyboard; name = Base; path = Base.lproj/LaunchScreen.storyboard; sourceTree = "<group>"; };
		380F40772294906600EE0D3B /* Info.plist */ = {isa = PBXFileReference; lastKnownFileType = text.plist.xml; path = Info.plist; sourceTree = "<group>"; };
		380F407D229491E200EE0D3B /* AddressListTableViewCell.swift */ = {isa = PBXFileReference; lastKnownFileType = sourcecode.swift; path = AddressListTableViewCell.swift; sourceTree = "<group>"; };
		380F407E229491E200EE0D3B /* AddressListTableViewCell.xib */ = {isa = PBXFileReference; lastKnownFileType = file.xib; path = AddressListTableViewCell.xib; sourceTree = "<group>"; };
/* End PBXFileReference section */

/* Begin PBXFrameworksBuildPhase section */
		380F40652294906400EE0D3B /* Frameworks */ = {
			isa = PBXFrameworksBuildPhase;
			buildActionMask = 2147483647;
			files = (
			);
			runOnlyForDeploymentPostprocessing = 0;
		};
/* End PBXFrameworksBuildPhase section */

/* Begin PBXGroup section */
		380F405F2294906400EE0D3B = {
			isa = PBXGroup;
			children = (
				380F406A2294906400EE0D3B /* viper-ios-intro */,
				380F40692294906400EE0D3B /* Products */,
			);
			sourceTree = "<group>";
		};
		380F40692294906400EE0D3B /* Products */ = {
			isa = PBXGroup;
			children = (
				380F40682294906400EE0D3B /* viper-ios-intro.app */,
			);
			name = Products;
			sourceTree = "<group>";
		};
		380F406A2294906400EE0D3B /* viper-ios-intro */ = {
			isa = PBXGroup;
			children = (
				380F406B2294906400EE0D3B /* AppDelegate.swift */,
				380F406D2294906400EE0D3B /* AddressListViewController.swift */,
				380F406F2294906400EE0D3B /* Main.storyboard */,
				380F40722294906600EE0D3B /* Assets.xcassets */,
				380F40742294906600EE0D3B /* LaunchScreen.storyboard */,
				380F40772294906600EE0D3B /* Info.plist */,
				380F407D229491E200EE0D3B /* AddressListTableViewCell.swift */,
				380F407E229491E200EE0D3B /* AddressListTableViewCell.xib */,
			);
			path = "viper-ios-intro";
			sourceTree = "<group>";
		};
/* End PBXGroup section */

/* Begin PBXNativeTarget section */
		380F40672294906400EE0D3B /* viper-ios-intro */ = {
			isa = PBXNativeTarget;
			buildConfigurationList = 380F407A2294906600EE0D3B /* Build configuration list for PBXNativeTarget "viper-ios-intro" */;
			buildPhases = (
				380F40642294906400EE0D3B /* Sources */,
				380F40652294906400EE0D3B /* Frameworks */,
				380F40662294906400EE0D3B /* Resources */,
			);
			buildRules = (
			);
			dependencies = (
			);
			name = "viper-ios-intro";
			productName = "viper-ios-intro";
			productReference = 380F40682294906400EE0D3B /* viper-ios-intro.app */;
			productType = "com.apple.product-type.application";
		};
/* End PBXNativeTarget section */

/* Begin PBXProject section */
		380F40602294906400EE0D3B /* Project object */ = {
			isa = PBXProject;
			attributes = {
				LastSwiftUpdateCheck = 1010;
				LastUpgradeCheck = 1010;
				ORGANIZATIONNAME = "Akash Kundu";
				TargetAttributes = {
					380F40672294906400EE0D3B = {
						CreatedOnToolsVersion = 10.1;
					};
				};
			};
			buildConfigurationList = 380F40632294906400EE0D3B /* Build configuration list for PBXProject "viper-ios-intro" */;
			compatibilityVersion = "Xcode 9.3";
			developmentRegion = en;
			hasScannedForEncodings = 0;
			knownRegions = (
				en,
				Base,
			);
			mainGroup = 380F405F2294906400EE0D3B;
			productRefGroup = 380F40692294906400EE0D3B /* Products */;
			projectDirPath = "";
			projectRoot = "";
			targets = (
				380F40672294906400EE0D3B /* viper-ios-intro */,
			);
		};
/* End PBXProject section */

/* Begin PBXResourcesBuildPhase section */
		380F40662294906400EE0D3B /* Resources */ = {
			isa = PBXResourcesBuildPhase;
			buildActionMask = 2147483647;
			files = (
				380F40762294906600EE0D3B /* LaunchScreen.storyboard in Resources */,
				380F40732294906600EE0D3B /* Assets.xcassets in Resources */,
				380F4080229491E200EE0D3B /* AddressListTableViewCell.xib in Resources */,
				380F40712294906400EE0D3B /* Main.storyboard in Resources */,
			);
			runOnlyForDeploymentPostprocessing = 0;
		};
/* End PBXResourcesBuildPhase section */

/* Begin PBXSourcesBuildPhase section */
		380F40642294906400EE0D3B /* Sources */ = {
			isa = PBXSourcesBuildPhase;
			buildActionMask = 2147483647;
			files = (
				380F407F229491E200EE0D3B /* AddressListTableViewCell.swift in Sources */,
				380F406E2294906400EE0D3B /* AddressListViewController.swift in Sources */,
				380F406C2294906400EE0D3B /* AppDelegate.swift in Sources */,
			);
			runOnlyForDeploymentPostprocessing = 0;
		};
/* End PBXSourcesBuildPhase section */

/* Begin PBXVariantGroup section */
		380F406F2294906400EE0D3B /* Main.storyboard */ = {
			isa = PBXVariantGroup;
			children = (
				380F40702294906400EE0D3B /* Base */,
			);
			name = Main.storyboard;
			sourceTree = "<group>";
		};
		380F40742294906600EE0D3B /* LaunchScreen.storyboard */ = {
			isa = PBXVariantGroup;
			children = (
				380F40752294906600EE0D3B /* Base */,
			);
			name = LaunchScreen.storyboard;
			sourceTree = "<group>";
		};
/* End PBXVariantGroup section */

/* Begin XCBuildConfiguration section */
		380F40782294906600EE0D3B /* Debug */ = {
			isa = XCBuildConfiguration;
			buildSettings = {
				ALWAYS_SEARCH_USER_PATHS = NO;
				CLANG_ANALYZER_NONNULL = YES;
				CLANG_ANALYZER_NUMBER_OBJECT_CONVERSION = YES_AGGRESSIVE;
				CLANG_CXX_LANGUAGE_STANDARD = "gnu++14";
				CLANG_CXX_LIBRARY = "libc++";
				CLANG_ENABLE_MODULES = YES;
				CLANG_ENABLE_OBJC_ARC = YES;
				CLANG_ENABLE_OBJC_WEAK = YES;
				CLANG_WARN_BLOCK_CAPTURE_AUTORELEASING = YES;
				CLANG_WARN_BOOL_CONVERSION = YES;
				CLANG_WARN_COMMA = YES;
				CLANG_WARN_CONSTANT_CONVERSION = YES;
				CLANG_WARN_DEPRECATED_OBJC_IMPLEMENTATIONS = YES;
				CLANG_WARN_DIRECT_OBJC_ISA_USAGE = YES_ERROR;
				CLANG_WARN_DOCUMENTATION_COMMENTS = YES;
				CLANG_WARN_EMPTY_BODY = YES;
				CLANG_WARN_ENUM_CONVERSION = YES;
				CLANG_WARN_INFINITE_RECURSION = YES;
				CLANG_WARN_INT_CONVERSION = YES;
				CLANG_WARN_NON_LITERAL_NULL_CONVERSION = YES;
				CLANG_WARN_OBJC_IMPLICIT_RETAIN_SELF = YES;
				CLANG_WARN_OBJC_LITERAL_CONVERSION = YES;
				CLANG_WARN_OBJC_ROOT_CLASS = YES_ERROR;
				CLANG_WARN_RANGE_LOOP_ANALYSIS = YES;
				CLANG_WARN_STRICT_PROTOTYPES = YES;
				CLANG_WARN_SUSPICIOUS_MOVE = YES;
				CLANG_WARN_UNGUARDED_AVAILABILITY = YES_AGGRESSIVE;
				CLANG_WARN_UNREACHABLE_CODE = YES;
				CLANG_WARN__DUPLICATE_METHOD_MATCH = YES;
				CODE_SIGN_IDENTITY = "iPhone Developer";
				COPY_PHASE_STRIP = NO;
				DEBUG_INFORMATION_FORMAT = dwarf;
				ENABLE_STRICT_OBJC_MSGSEND = YES;
				ENABLE_TESTABILITY = YES;
				GCC_C_LANGUAGE_STANDARD = gnu11;
				GCC_DYNAMIC_NO_PIC = NO;
				GCC_NO_COMMON_BLOCKS = YES;
				GCC_OPTIMIZATION_LEVEL = 0;
				GCC_PREPROCESSOR_DEFINITIONS = (
					"DEBUG=1",
					"$(inherited)",
				);
				GCC_WARN_64_TO_32_BIT_CONVERSION = YES;
				GCC_WARN_ABOUT_RETURN_TYPE = YES_ERROR;
				GCC_WARN_UNDECLARED_SELECTOR = YES;
				GCC_WARN_UNINITIALIZED_AUTOS = YES_AGGRESSIVE;
				GCC_WARN_UNUSED_FUNCTION = YES;
				GCC_WARN_UNUSED_VARIABLE = YES;
				IPHONEOS_DEPLOYMENT_TARGET = 12.1;
				MTL_ENABLE_DEBUG_INFO = INCLUDE_SOURCE;
				MTL_FAST_MATH = YES;
				ONLY_ACTIVE_ARCH = YES;
				SDKROOT = iphoneos;
				SWIFT_ACTIVE_COMPILATION_CONDITIONS = DEBUG;
				SWIFT_OPTIMIZATION_LEVEL = "-Onone";
			};
			name = Debug;
		};
		380F40792294906600EE0D3B /* Release */ = {
			isa = XCBuildConfiguration;
			buildSettings = {
				ALWAYS_SEARCH_USER_PATHS = NO;
				CLANG_ANALYZER_NONNULL = YES;
				CLANG_ANALYZER_NUMBER_OBJECT_CONVERSION = YES_AGGRESSIVE;
				CLANG_CXX_LANGUAGE_STANDARD = "gnu++14";
				CLANG_CXX_LIBRARY = "libc++";
				CLANG_ENABLE_MODULES = YES;
				CLANG_ENABLE_OBJC_ARC = YES;
				CLANG_ENABLE_OBJC_WEAK = YES;
				CLANG_WARN_BLOCK_CAPTURE_AUTORELEASING = YES;
				CLANG_WARN_BOOL_CONVERSION = YES;
				CLANG_WARN_COMMA = YES;
				CLANG_WARN_CONSTANT_CONVERSION = YES;
				CLANG_WARN_DEPRECATED_OBJC_IMPLEMENTATIONS = YES;
				CLANG_WARN_DIRECT_OBJC_ISA_USAGE = YES_ERROR;
				CLANG_WARN_DOCUMENTATION_COMMENTS = YES;
				CLANG_WARN_EMPTY_BODY = YES;
				CLANG_WARN_ENUM_CONVERSION = YES;
				CLANG_WARN_INFINITE_RECURSION = YES;
				CLANG_WARN_INT_CONVERSION = YES;
				CLANG_WARN_NON_LITERAL_NULL_CONVERSION = YES;
				CLANG_WARN_OBJC_IMPLICIT_RETAIN_SELF = YES;
				CLANG_WARN_OBJC_LITERAL_CONVERSION = YES;
				CLANG_WARN_OBJC_ROOT_CLASS = YES_ERROR;
				CLANG_WARN_RANGE_LOOP_ANALYSIS = YES;
				CLANG_WARN_STRICT_PROTOTYPES = YES;
				CLANG_WARN_SUSPICIOUS_MOVE = YES;
				CLANG_WARN_UNGUARDED_AVAILABILITY = YES_AGGRESSIVE;
				CLANG_WARN_UNREACHABLE_CODE = YES;
				CLANG_WARN__DUPLICATE_METHOD_MATCH = YES;
				CODE_SIGN_IDENTITY = "iPhone Developer";
				COPY_PHASE_STRIP = NO;
				DEBUG_INFORMATION_FORMAT = "dwarf-with-dsym";
				ENABLE_NS_ASSERTIONS = NO;
				ENABLE_STRICT_OBJC_MSGSEND = YES;
				GCC_C_LANGUAGE_STANDARD = gnu11;
				GCC_NO_COMMON_BLOCKS = YES;
				GCC_WARN_64_TO_32_BIT_CONVERSION = YES;
				GCC_WARN_ABOUT_RETURN_TYPE = YES_ERROR;
				GCC_WARN_UNDECLARED_SELECTOR = YES;
				GCC_WARN_UNINITIALIZED_AUTOS = YES_AGGRESSIVE;
				GCC_WARN_UNUSED_FUNCTION = YES;
				GCC_WARN_UNUSED_VARIABLE = YES;
				IPHONEOS_DEPLOYMENT_TARGET = 12.1;
				MTL_ENABLE_DEBUG_INFO = NO;
				MTL_FAST_MATH = YES;
				SDKROOT = iphoneos;
				SWIFT_COMPILATION_MODE = wholemodule;
				SWIFT_OPTIMIZATION_LEVEL = "-O";
				VALIDATE_PRODUCT = YES;
			};
			name = Release;
		};
		380F407B2294906600EE0D3B /* Debug */ = {
			isa = XCBuildConfiguration;
			buildSettings = {
				ASSETCATALOG_COMPILER_APPICON_NAME = AppIcon;
				CODE_SIGN_STYLE = Automatic;
				DEVELOPMENT_TEAM = U9T496487P;
				INFOPLIST_FILE = "viper-ios-intro/Info.plist";
				IPHONEOS_DEPLOYMENT_TARGET = 10.0;
				LD_RUNPATH_SEARCH_PATHS = (
					"$(inherited)",
					"@executable_path/Frameworks",
				);
				PRODUCT_BUNDLE_IDENTIFIER = "com.akashkundu.viper-ios-intro";
				PRODUCT_NAME = "$(TARGET_NAME)";
				SWIFT_VERSION = 4.2;
				TARGETED_DEVICE_FAMILY = "1,2";
			};
			name = Debug;
		};
		380F407C2294906600EE0D3B /* Release */ = {
			isa = XCBuildConfiguration;
			buildSettings = {
				ASSETCATALOG_COMPILER_APPICON_NAME = AppIcon;
				CODE_SIGN_STYLE = Automatic;
				DEVELOPMENT_TEAM = U9T496487P;
				INFOPLIST_FILE = "viper-ios-intro/Info.plist";
				IPHONEOS_DEPLOYMENT_TARGET = 10.0;
				LD_RUNPATH_SEARCH_PATHS = (
					"$(inherited)",
					"@executable_path/Frameworks",
				);
				PRODUCT_BUNDLE_IDENTIFIER = "com.akashkundu.viper-ios-intro";
				PRODUCT_NAME = "$(TARGET_NAME)";
				SWIFT_VERSION = 4.2;
				TARGETED_DEVICE_FAMILY = "1,2";
			};
			name = Release;
		};
/* End XCBuildConfiguration section */

/* Begin XCConfigurationList section */
		380F40632294906400EE0D3B /* Build configuration list for PBXProject "viper-ios-intro" */ = {
			isa = XCConfigurationList;
			buildConfigurations = (
				380F40782294906600EE0D3B /* Debug */,
				380F40792294906600EE0D3B /* Release */,
			);
			defaultConfigurationIsVisible = 0;
			defaultConfigurationName = Release;
		};
		380F407A2294906600EE0D3B /* Build configuration list for PBXNativeTarget "viper-ios-intro" */ = {
			isa = XCConfigurationList;
			buildConfigurations = (
				380F407B2294906600EE0D3B /* Debug */,
				380F407C2294906600EE0D3B /* Release */,
			);
			defaultConfigurationIsVisible = 0;
			defaultConfigurationName = Release;
		};
/* End XCConfigurationList section */
	};
	rootObject = 380F40602294906400EE0D3B /* Project object */;
}
